// !$*UTF8*$!
{
	archiveVersion = 1;
	classes = {
	};
	objectVersion = 50;
	objects = {

/* Begin PBXBuildFile section */
		717A416E2643EC6500C3773E /* NavigationConfigurator.swift in Sources */ = {isa = PBXBuildFile; fileRef = 717A416D2643EC6500C3773E /* NavigationConfigurator.swift */; };
		717A41722643ECD100C3773E /* MainView.swift in Sources */ = {isa = PBXBuildFile; fileRef = 717A41712643ECD100C3773E /* MainView.swift */; };
		717A41792644D9A000C3773E /* ImageLoader.swift in Sources */ = {isa = PBXBuildFile; fileRef = 717A41782644D9A000C3773E /* ImageLoader.swift */; };
		717A417C2644DA0600C3773E /* URLImage.swift in Sources */ = {isa = PBXBuildFile; fileRef = 717A417B2644DA0600C3773E /* URLImage.swift */; };
		717A41802644DDBA00C3773E /* Extensions.swift in Sources */ = {isa = PBXBuildFile; fileRef = 717A417F2644DDBA00C3773E /* Extensions.swift */; };
		718272772643ABD30074544C /* APIEndpoints.swift in Sources */ = {isa = PBXBuildFile; fileRef = 718272762643ABD30074544C /* APIEndpoints.swift */; };
		7182727A2643ABDE0074544C /* APIManager.swift in Sources */ = {isa = PBXBuildFile; fileRef = 718272792643ABDE0074544C /* APIManager.swift */; };
		7182727D2643C7A10074544C /* ArticleRowView.swift in Sources */ = {isa = PBXBuildFile; fileRef = 7182727C2643C7A10074544C /* ArticleRowView.swift */; };
		718272842643E46D0074544C /* ArticleDetailView.swift in Sources */ = {isa = PBXBuildFile; fileRef = 718272832643E46D0074544C /* ArticleDetailView.swift */; };
		71C88BC726427BAE00A54725 /* NewFeedApp.swift in Sources */ = {isa = PBXBuildFile; fileRef = 71C88BC626427BAE00A54725 /* NewFeedApp.swift */; };
		71C88BC926427BAE00A54725 /* ContentView.swift in Sources */ = {isa = PBXBuildFile; fileRef = 71C88BC826427BAE00A54725 /* ContentView.swift */; };
		71C88BCB26427BB200A54725 /* Assets.xcassets in Resources */ = {isa = PBXBuildFile; fileRef = 71C88BCA26427BB200A54725 /* Assets.xcassets */; };
		71C88BCE26427BB200A54725 /* Preview Assets.xcassets in Resources */ = {isa = PBXBuildFile; fileRef = 71C88BCD26427BB200A54725 /* Preview Assets.xcassets */; };
		71C88BDA26427F6200A54725 /* RegisterView.swift in Sources */ = {isa = PBXBuildFile; fileRef = 71C88BD926427F6200A54725 /* RegisterView.swift */; };
		71C88BDD2642841900A54725 /* User.swift in Sources */ = {isa = PBXBuildFile; fileRef = 71C88BDC2642841900A54725 /* User.swift */; };
		71C88BE12642847E00A54725 /* RegisterVM.swift in Sources */ = {isa = PBXBuildFile; fileRef = 71C88BE02642847E00A54725 /* RegisterVM.swift */; };
		71C88BE6264287C300A54725 /* Storage.swift in Sources */ = {isa = PBXBuildFile; fileRef = 71C88BE5264287C300A54725 /* Storage.swift */; };
		71C88BEA264288C400A54725 /* Constants.swift in Sources */ = {isa = PBXBuildFile; fileRef = 71C88BE9264288C400A54725 /* Constants.swift */; };
		71C88BED2642898400A54725 /* HomeView.swift in Sources */ = {isa = PBXBuildFile; fileRef = 71C88BEC2642898400A54725 /* HomeView.swift */; };
		71C88BF02642974300A54725 /* CountryList.swift in Sources */ = {isa = PBXBuildFile; fileRef = 71C88BEF2642974300A54725 /* CountryList.swift */; };
		71C88BF326429F8900A54725 /* TextFieldAsPickerView.swift in Sources */ = {isa = PBXBuildFile; fileRef = 71C88BF226429F8900A54725 /* TextFieldAsPickerView.swift */; };
		71C88BF62642A45A00A54725 /* Marquee.swift in Sources */ = {isa = PBXBuildFile; fileRef = 71C88BF52642A45A00A54725 /* Marquee.swift */; };
		71C88BF92642B91500A54725 /* MenuView.swift in Sources */ = {isa = PBXBuildFile; fileRef = 71C88BF82642B91500A54725 /* MenuView.swift */; };
		71C88BFC2642C96A00A54725 /* MenuViewModel.swift in Sources */ = {isa = PBXBuildFile; fileRef = 71C88BFB2642C96A00A54725 /* MenuViewModel.swift */; };
		71C88BFF26439AE600A54725 /* NewsModel.swift in Sources */ = {isa = PBXBuildFile; fileRef = 71C88BFE26439AE600A54725 /* NewsModel.swift */; };
/* End PBXBuildFile section */

/* Begin PBXFileReference section */
		717A416D2643EC6500C3773E /* NavigationConfigurator.swift */ = {isa = PBXFileReference; lastKnownFileType = sourcecode.swift; path = NavigationConfigurator.swift; sourceTree = "<group>"; };
		717A41712643ECD100C3773E /* MainView.swift */ = {isa = PBXFileReference; lastKnownFileType = sourcecode.swift; path = MainView.swift; sourceTree = "<group>"; };
		717A41782644D9A000C3773E /* ImageLoader.swift */ = {isa = PBXFileReference; lastKnownFileType = sourcecode.swift; path = ImageLoader.swift; sourceTree = "<group>"; };
		717A417B2644DA0600C3773E /* URLImage.swift */ = {isa = PBXFileReference; lastKnownFileType = sourcecode.swift; path = URLImage.swift; sourceTree = "<group>"; };
		717A417F2644DDBA00C3773E /* Extensions.swift */ = {isa = PBXFileReference; lastKnownFileType = sourcecode.swift; path = Extensions.swift; sourceTree = "<group>"; };
		718272762643ABD30074544C /* APIEndpoints.swift */ = {isa = PBXFileReference; lastKnownFileType = sourcecode.swift; path = APIEndpoints.swift; sourceTree = "<group>"; };
		718272792643ABDE0074544C /* APIManager.swift */ = {isa = PBXFileReference; lastKnownFileType = sourcecode.swift; path = APIManager.swift; sourceTree = "<group>"; };
		7182727C2643C7A10074544C /* ArticleRowView.swift */ = {isa = PBXFileReference; lastKnownFileType = sourcecode.swift; path = ArticleRowView.swift; sourceTree = "<group>"; };
		718272832643E46D0074544C /* ArticleDetailView.swift */ = {isa = PBXFileReference; lastKnownFileType = sourcecode.swift; path = ArticleDetailView.swift; sourceTree = "<group>"; };
		71C88BC326427BAE00A54725 /* NewFeed.app */ = {isa = PBXFileReference; explicitFileType = wrapper.application; includeInIndex = 0; path = NewFeed.app; sourceTree = BUILT_PRODUCTS_DIR; };
		71C88BC626427BAE00A54725 /* NewFeedApp.swift */ = {isa = PBXFileReference; lastKnownFileType = sourcecode.swift; path = NewFeedApp.swift; sourceTree = "<group>"; };
		71C88BC826427BAE00A54725 /* ContentView.swift */ = {isa = PBXFileReference; lastKnownFileType = sourcecode.swift; path = ContentView.swift; sourceTree = "<group>"; };
		71C88BCA26427BB200A54725 /* Assets.xcassets */ = {isa = PBXFileReference; lastKnownFileType = folder.assetcatalog; path = Assets.xcassets; sourceTree = "<group>"; };
		71C88BCD26427BB200A54725 /* Preview Assets.xcassets */ = {isa = PBXFileReference; lastKnownFileType = folder.assetcatalog; path = "Preview Assets.xcassets"; sourceTree = "<group>"; };
		71C88BCF26427BB200A54725 /* Info.plist */ = {isa = PBXFileReference; lastKnownFileType = text.plist.xml; path = Info.plist; sourceTree = "<group>"; };
		71C88BD926427F6200A54725 /* RegisterView.swift */ = {isa = PBXFileReference; lastKnownFileType = sourcecode.swift; path = RegisterView.swift; sourceTree = "<group>"; };
		71C88BDC2642841900A54725 /* User.swift */ = {isa = PBXFileReference; lastKnownFileType = sourcecode.swift; path = User.swift; sourceTree = "<group>"; };
		71C88BE02642847E00A54725 /* RegisterVM.swift */ = {isa = PBXFileReference; lastKnownFileType = sourcecode.swift; path = RegisterVM.swift; sourceTree = "<group>"; };
		71C88BE5264287C300A54725 /* Storage.swift */ = {isa = PBXFileReference; lastKnownFileType = sourcecode.swift; path = Storage.swift; sourceTree = "<group>"; };
		71C88BE9264288C400A54725 /* Constants.swift */ = {isa = PBXFileReference; lastKnownFileType = sourcecode.swift; path = Constants.swift; sourceTree = "<group>"; };
		71C88BEC2642898400A54725 /* HomeView.swift */ = {isa = PBXFileReference; lastKnownFileType = sourcecode.swift; path = HomeView.swift; sourceTree = "<group>"; };
		71C88BEF2642974300A54725 /* CountryList.swift */ = {isa = PBXFileReference; lastKnownFileType = sourcecode.swift; path = CountryList.swift; sourceTree = "<group>"; };
		71C88BF226429F8900A54725 /* TextFieldAsPickerView.swift */ = {isa = PBXFileReference; lastKnownFileType = sourcecode.swift; path = TextFieldAsPickerView.swift; sourceTree = "<group>"; };
		71C88BF52642A45A00A54725 /* Marquee.swift */ = {isa = PBXFileReference; lastKnownFileType = sourcecode.swift; path = Marquee.swift; sourceTree = "<group>"; };
		71C88BF82642B91500A54725 /* MenuView.swift */ = {isa = PBXFileReference; lastKnownFileType = sourcecode.swift; path = MenuView.swift; sourceTree = "<group>"; };
		71C88BFB2642C96A00A54725 /* MenuViewModel.swift */ = {isa = PBXFileReference; lastKnownFileType = sourcecode.swift; path = MenuViewModel.swift; sourceTree = "<group>"; };
		71C88BFE26439AE600A54725 /* NewsModel.swift */ = {isa = PBXFileReference; lastKnownFileType = sourcecode.swift; path = NewsModel.swift; sourceTree = "<group>"; };
/* End PBXFileReference section */

/* Begin PBXFrameworksBuildPhase section */
		71C88BC026427BAE00A54725 /* Frameworks */ = {
			isa = PBXFrameworksBuildPhase;
			buildActionMask = 2147483647;
			files = (
			);
			runOnlyForDeploymentPostprocessing = 0;
		};
/* End PBXFrameworksBuildPhase section */

/* Begin PBXGroup section */
		717A41702643EC9E00C3773E /* Home */ = {
			isa = PBXGroup;
			children = (
				71C88BEC2642898400A54725 /* HomeView.swift */,
				717A41712643ECD100C3773E /* MainView.swift */,
			);
			path = Home;
			sourceTree = "<group>";
		};
		717A41742644D2A500C3773E /* Extension */ = {
			isa = PBXGroup;
			children = (
				717A417F2644DDBA00C3773E /* Extensions.swift */,
			);
			path = Extension;
			sourceTree = "<group>";
		};
		718272752643ABAE0074544C /* Network */ = {
			isa = PBXGroup;
			children = (
				718272762643ABD30074544C /* APIEndpoints.swift */,
				718272792643ABDE0074544C /* APIManager.swift */,
			);
			path = Network;
			sourceTree = "<group>";
		};
		718272862643E9F00074544C /* CustomViews */ = {
			isa = PBXGroup;
			children = (
				71C88BF52642A45A00A54725 /* Marquee.swift */,
				71C88BF226429F8900A54725 /* TextFieldAsPickerView.swift */,
				717A416D2643EC6500C3773E /* NavigationConfigurator.swift */,
				717A417B2644DA0600C3773E /* URLImage.swift */,
			);
			path = CustomViews;
			sourceTree = "<group>";
		};
		71C88BBA26427BAE00A54725 = {
			isa = PBXGroup;
			children = (
				71C88BC526427BAE00A54725 /* NewFeed */,
				71C88BC426427BAE00A54725 /* Products */,
			);
			sourceTree = "<group>";
		};
		71C88BC426427BAE00A54725 /* Products */ = {
			isa = PBXGroup;
			children = (
				71C88BC326427BAE00A54725 /* NewFeed.app */,
			);
			name = Products;
			sourceTree = "<group>";
		};
		71C88BC526427BAE00A54725 /* NewFeed */ = {
			isa = PBXGroup;
			children = (
				717A41742644D2A500C3773E /* Extension */,
				718272752643ABAE0074544C /* Network */,
				71C88BE8264288B200A54725 /* Constants */,
				71C88BE4264287B400A54725 /* Storage */,
				71C88BD826427BF100A54725 /* Model */,
				71C88BD726427BEC00A54725 /* View */,
				71C88BD626427BE300A54725 /* ViewModel */,
				71C88BC626427BAE00A54725 /* NewFeedApp.swift */,
				71C88BC826427BAE00A54725 /* ContentView.swift */,
				71C88BCA26427BB200A54725 /* Assets.xcassets */,
				71C88BCF26427BB200A54725 /* Info.plist */,
				71C88BCC26427BB200A54725 /* Preview Content */,
			);
			path = NewFeed;
			sourceTree = "<group>";
		};
		71C88BCC26427BB200A54725 /* Preview Content */ = {
			isa = PBXGroup;
			children = (
				71C88BCD26427BB200A54725 /* Preview Assets.xcassets */,
			);
			path = "Preview Content";
			sourceTree = "<group>";
		};
		71C88BD626427BE300A54725 /* ViewModel */ = {
			isa = PBXGroup;
			children = (
				717A41782644D9A000C3773E /* ImageLoader.swift */,
				71C88BE02642847E00A54725 /* RegisterVM.swift */,
				71C88BFB2642C96A00A54725 /* MenuViewModel.swift */,
			);
			path = ViewModel;
			sourceTree = "<group>";
		};
		71C88BD726427BEC00A54725 /* View */ = {
			isa = PBXGroup;
			children = (
				717A41702643EC9E00C3773E /* Home */,
				718272862643E9F00074544C /* CustomViews */,
				71C88BD926427F6200A54725 /* RegisterView.swift */,
				71C88BF82642B91500A54725 /* MenuView.swift */,
				7182727C2643C7A10074544C /* ArticleRowView.swift */,
				718272832643E46D0074544C /* ArticleDetailView.swift */,
			);
			path = View;
			sourceTree = "<group>";
		};
		71C88BD826427BF100A54725 /* Model */ = {
			isa = PBXGroup;
			children = (
				71C88BDC2642841900A54725 /* User.swift */,
				71C88BEF2642974300A54725 /* CountryList.swift */,
				71C88BFE26439AE600A54725 /* NewsModel.swift */,
			);
			path = Model;
			sourceTree = "<group>";
		};
		71C88BE4264287B400A54725 /* Storage */ = {
			isa = PBXGroup;
			children = (
				71C88BE5264287C300A54725 /* Storage.swift */,
			);
			path = Storage;
			sourceTree = "<group>";
		};
		71C88BE8264288B200A54725 /* Constants */ = {
			isa = PBXGroup;
			children = (
				71C88BE9264288C400A54725 /* Constants.swift */,
			);
			path = Constants;
			sourceTree = "<group>";
		};
/* End PBXGroup section */

/* Begin PBXNativeTarget section */
		71C88BC226427BAE00A54725 /* NewFeed */ = {
			isa = PBXNativeTarget;
			buildConfigurationList = 71C88BD226427BB200A54725 /* Build configuration list for PBXNativeTarget "NewFeed" */;
			buildPhases = (
				71C88BBF26427BAE00A54725 /* Sources */,
				71C88BC026427BAE00A54725 /* Frameworks */,
				71C88BC126427BAE00A54725 /* Resources */,
			);
			buildRules = (
			);
			dependencies = (
			);
			name = NewFeed;
			productName = NewFeed;
			productReference = 71C88BC326427BAE00A54725 /* NewFeed.app */;
			productType = "com.apple.product-type.application";
		};
/* End PBXNativeTarget section */

/* Begin PBXProject section */
		71C88BBB26427BAE00A54725 /* Project object */ = {
			isa = PBXProject;
			attributes = {
				LastSwiftUpdateCheck = 1210;
				LastUpgradeCheck = 1210;
				TargetAttributes = {
					71C88BC226427BAE00A54725 = {
						CreatedOnToolsVersion = 12.1;
					};
				};
			};
			buildConfigurationList = 71C88BBE26427BAE00A54725 /* Build configuration list for PBXProject "NewFeed" */;
			compatibilityVersion = "Xcode 9.3";
			developmentRegion = en;
			hasScannedForEncodings = 0;
			knownRegions = (
				en,
				Base,
			);
			mainGroup = 71C88BBA26427BAE00A54725;
			productRefGroup = 71C88BC426427BAE00A54725 /* Products */;
			projectDirPath = "";
			projectRoot = "";
			targets = (
				71C88BC226427BAE00A54725 /* NewFeed */,
			);
		};
/* End PBXProject section */

/* Begin PBXResourcesBuildPhase section */
		71C88BC126427BAE00A54725 /* Resources */ = {
			isa = PBXResourcesBuildPhase;
			buildActionMask = 2147483647;
			files = (
				71C88BCE26427BB200A54725 /* Preview Assets.xcassets in Resources */,
				71C88BCB26427BB200A54725 /* Assets.xcassets in Resources */,
			);
			runOnlyForDeploymentPostprocessing = 0;
		};
/* End PBXResourcesBuildPhase section */

/* Begin PBXSourcesBuildPhase section */
		71C88BBF26427BAE00A54725 /* Sources */ = {
			isa = PBXSourcesBuildPhase;
			buildActionMask = 2147483647;
			files = (
				7182727A2643ABDE0074544C /* APIManager.swift in Sources */,
				718272772643ABD30074544C /* APIEndpoints.swift in Sources */,
				717A417C2644DA0600C3773E /* URLImage.swift in Sources */,
				71C88BFF26439AE600A54725 /* NewsModel.swift in Sources */,
				71C88BDA26427F6200A54725 /* RegisterView.swift in Sources */,
				71C88BF92642B91500A54725 /* MenuView.swift in Sources */,
				71C88BF62642A45A00A54725 /* Marquee.swift in Sources */,
				718272842643E46D0074544C /* ArticleDetailView.swift in Sources */,
				717A416E2643EC6500C3773E /* NavigationConfigurator.swift in Sources */,
				7182727D2643C7A10074544C /* ArticleRowView.swift in Sources */,
				71C88BC926427BAE00A54725 /* ContentView.swift in Sources */,
				71C88BDD2642841900A54725 /* User.swift in Sources */,
				71C88BE12642847E00A54725 /* RegisterVM.swift in Sources */,
				71C88BEA264288C400A54725 /* Constants.swift in Sources */,
				717A41722643ECD100C3773E /* MainView.swift in Sources */,
				71C88BF02642974300A54725 /* CountryList.swift in Sources */,
				717A41792644D9A000C3773E /* ImageLoader.swift in Sources */,
				71C88BF326429F8900A54725 /* TextFieldAsPickerView.swift in Sources */,
				717A41802644DDBA00C3773E /* Extensions.swift in Sources */,
				71C88BED2642898400A54725 /* HomeView.swift in Sources */,
				71C88BFC2642C96A00A54725 /* MenuViewModel.swift in Sources */,
				71C88BC726427BAE00A54725 /* NewFeedApp.swift in Sources */,
				71C88BE6264287C300A54725 /* Storage.swift in Sources */,
			);
			runOnlyForDeploymentPostprocessing = 0;
		};
/* End PBXSourcesBuildPhase section */

/* Begin XCBuildConfiguration section */
		71C88BD026427BB200A54725 /* Debug */ = {
			isa = XCBuildConfiguration;
			buildSettings = {
				ALWAYS_SEARCH_USER_PATHS = NO;
				CLANG_ANALYZER_NONNULL = YES;
				CLANG_ANALYZER_NUMBER_OBJECT_CONVERSION = YES_AGGRESSIVE;
				CLANG_CXX_LANGUAGE_STANDARD = "gnu++14";
				CLANG_CXX_LIBRARY = "libc++";
				CLANG_ENABLE_MODULES = YES;
				CLANG_ENABLE_OBJC_ARC = YES;
				CLANG_ENABLE_OBJC_WEAK = YES;
				CLANG_WARN_BLOCK_CAPTURE_AUTORELEASING = YES;
				CLANG_WARN_BOOL_CONVERSION = YES;
				CLANG_WARN_COMMA = YES;
				CLANG_WARN_CONSTANT_CONVERSION = YES;
				CLANG_WARN_DEPRECATED_OBJC_IMPLEMENTATIONS = YES;
				CLANG_WARN_DIRECT_OBJC_ISA_USAGE = YES_ERROR;
				CLANG_WARN_DOCUMENTATION_COMMENTS = YES;
				CLANG_WARN_EMPTY_BODY = YES;
				CLANG_WARN_ENUM_CONVERSION = YES;
				CLANG_WARN_INFINITE_RECURSION = YES;
				CLANG_WARN_INT_CONVERSION = YES;
				CLANG_WARN_NON_LITERAL_NULL_CONVERSION = YES;
				CLANG_WARN_OBJC_IMPLICIT_RETAIN_SELF = YES;
				CLANG_WARN_OBJC_LITERAL_CONVERSION = YES;
				CLANG_WARN_OBJC_ROOT_CLASS = YES_ERROR;
				CLANG_WARN_QUOTED_INCLUDE_IN_FRAMEWORK_HEADER = YES;
				CLANG_WARN_RANGE_LOOP_ANALYSIS = YES;
				CLANG_WARN_STRICT_PROTOTYPES = YES;
				CLANG_WARN_SUSPICIOUS_MOVE = YES;
				CLANG_WARN_UNGUARDED_AVAILABILITY = YES_AGGRESSIVE;
				CLANG_WARN_UNREACHABLE_CODE = YES;
				CLANG_WARN__DUPLICATE_METHOD_MATCH = YES;
				COPY_PHASE_STRIP = NO;
				DEBUG_INFORMATION_FORMAT = dwarf;
				ENABLE_STRICT_OBJC_MSGSEND = YES;
				ENABLE_TESTABILITY = YES;
				GCC_C_LANGUAGE_STANDARD = gnu11;
				GCC_DYNAMIC_NO_PIC = NO;
				GCC_NO_COMMON_BLOCKS = YES;
				GCC_OPTIMIZATION_LEVEL = 0;
				GCC_PREPROCESSOR_DEFINITIONS = (
					"DEBUG=1",
					"$(inherited)",
				);
				GCC_WARN_64_TO_32_BIT_CONVERSION = YES;
				GCC_WARN_ABOUT_RETURN_TYPE = YES_ERROR;
				GCC_WARN_UNDECLARED_SELECTOR = YES;
				GCC_WARN_UNINITIALIZED_AUTOS = YES_AGGRESSIVE;
				GCC_WARN_UNUSED_FUNCTION = YES;
				GCC_WARN_UNUSED_VARIABLE = YES;
				IPHONEOS_DEPLOYMENT_TARGET = 14.1;
				MTL_ENABLE_DEBUG_INFO = INCLUDE_SOURCE;
				MTL_FAST_MATH = YES;
				ONLY_ACTIVE_ARCH = YES;
				SDKROOT = iphoneos;
				SWIFT_ACTIVE_COMPILATION_CONDITIONS = DEBUG;
				SWIFT_OPTIMIZATION_LEVEL = "-Onone";
			};
			name = Debug;
		};
		71C88BD126427BB200A54725 /* Release */ = {
			isa = XCBuildConfiguration;
			buildSettings = {
				ALWAYS_SEARCH_USER_PATHS = NO;
				CLANG_ANALYZER_NONNULL = YES;
				CLANG_ANALYZER_NUMBER_OBJECT_CONVERSION = YES_AGGRESSIVE;
				CLANG_CXX_LANGUAGE_STANDARD = "gnu++14";
				CLANG_CXX_LIBRARY = "libc++";
				CLANG_ENABLE_MODULES = YES;
				CLANG_ENABLE_OBJC_ARC = YES;
				CLANG_ENABLE_OBJC_WEAK = YES;
				CLANG_WARN_BLOCK_CAPTURE_AUTORELEASING = YES;
				CLANG_WARN_BOOL_CONVERSION = YES;
				CLANG_WARN_COMMA = YES;
				CLANG_WARN_CONSTANT_CONVERSION = YES;
				CLANG_WARN_DEPRECATED_OBJC_IMPLEMENTATIONS = YES;
				CLANG_WARN_DIRECT_OBJC_ISA_USAGE = YES_ERROR;
				CLANG_WARN_DOCUMENTATION_COMMENTS = YES;
				CLANG_WARN_EMPTY_BODY = YES;
				CLANG_WARN_ENUM_CONVERSION = YES;
				CLANG_WARN_INFINITE_RECURSION = YES;
				CLANG_WARN_INT_CONVERSION = YES;
				CLANG_WARN_NON_LITERAL_NULL_CONVERSION = YES;
				CLANG_WARN_OBJC_IMPLICIT_RETAIN_SELF = YES;
				CLANG_WARN_OBJC_LITERAL_CONVERSION = YES;
				CLANG_WARN_OBJC_ROOT_CLASS = YES_ERROR;
				CLANG_WARN_QUOTED_INCLUDE_IN_FRAMEWORK_HEADER = YES;
				CLANG_WARN_RANGE_LOOP_ANALYSIS = YES;
				CLANG_WARN_STRICT_PROTOTYPES = YES;
				CLANG_WARN_SUSPICIOUS_MOVE = YES;
				CLANG_WARN_UNGUARDED_AVAILABILITY = YES_AGGRESSIVE;
				CLANG_WARN_UNREACHABLE_CODE = YES;
				CLANG_WARN__DUPLICATE_METHOD_MATCH = YES;
				COPY_PHASE_STRIP = NO;
				DEBUG_INFORMATION_FORMAT = "dwarf-with-dsym";
				ENABLE_NS_ASSERTIONS = NO;
				ENABLE_STRICT_OBJC_MSGSEND = YES;
				GCC_C_LANGUAGE_STANDARD = gnu11;
				GCC_NO_COMMON_BLOCKS = YES;
				GCC_WARN_64_TO_32_BIT_CONVERSION = YES;
				GCC_WARN_ABOUT_RETURN_TYPE = YES_ERROR;
				GCC_WARN_UNDECLARED_SELECTOR = YES;
				GCC_WARN_UNINITIALIZED_AUTOS = YES_AGGRESSIVE;
				GCC_WARN_UNUSED_FUNCTION = YES;
				GCC_WARN_UNUSED_VARIABLE = YES;
				IPHONEOS_DEPLOYMENT_TARGET = 14.1;
				MTL_ENABLE_DEBUG_INFO = NO;
				MTL_FAST_MATH = YES;
				SDKROOT = iphoneos;
				SWIFT_COMPILATION_MODE = wholemodule;
				SWIFT_OPTIMIZATION_LEVEL = "-O";
				VALIDATE_PRODUCT = YES;
			};
			name = Release;
		};
		71C88BD326427BB200A54725 /* Debug */ = {
			isa = XCBuildConfiguration;
			buildSettings = {
				ASSETCATALOG_COMPILER_APPICON_NAME = AppIcon;
				ASSETCATALOG_COMPILER_GLOBAL_ACCENT_COLOR_NAME = AccentColor;
				CODE_SIGN_STYLE = Automatic;
				DEVELOPMENT_ASSET_PATHS = "\"NewFeed/Preview Content\"";
				DEVELOPMENT_TEAM = U44385AS77;
				ENABLE_PREVIEWS = YES;
				INFOPLIST_FILE = NewFeed/Info.plist;
				IPHONEOS_DEPLOYMENT_TARGET = 14.0;
				LD_RUNPATH_SEARCH_PATHS = (
					"$(inherited)",
					"@executable_path/Frameworks",
				);
				PRODUCT_BUNDLE_IDENTIFIER = Deepam.NewFeed;
				PRODUCT_NAME = "$(TARGET_NAME)";
				SWIFT_VERSION = 5.0;
				TARGETED_DEVICE_FAMILY = "1,2";
			};
			name = Debug;
		};
		71C88BD426427BB200A54725 /* Release */ = {
			isa = XCBuildConfiguration;
			buildSettings = {
				ASSETCATALOG_COMPILER_APPICON_NAME = AppIcon;
				ASSETCATALOG_COMPILER_GLOBAL_ACCENT_COLOR_NAME = AccentColor;
				CODE_SIGN_STYLE = Automatic;
				DEVELOPMENT_ASSET_PATHS = "\"NewFeed/Preview Content\"";
				DEVELOPMENT_TEAM = U44385AS77;
				ENABLE_PREVIEWS = YES;
				INFOPLIST_FILE = NewFeed/Info.plist;
				IPHONEOS_DEPLOYMENT_TARGET = 14.0;
				LD_RUNPATH_SEARCH_PATHS = (
					"$(inherited)",
					"@executable_path/Frameworks",
				);
				PRODUCT_BUNDLE_IDENTIFIER = Deepam.NewFeed;
				PRODUCT_NAME = "$(TARGET_NAME)";
				SWIFT_VERSION = 5.0;
				TARGETED_DEVICE_FAMILY = "1,2";
			};
			name = Release;
		};
/* End XCBuildConfiguration section */

/* Begin XCConfigurationList section */
		71C88BBE26427BAE00A54725 /* Build configuration list for PBXProject "NewFeed" */ = {
			isa = XCConfigurationList;
			buildConfigurations = (
				71C88BD026427BB200A54725 /* Debug */,
				71C88BD126427BB200A54725 /* Release */,
			);
			defaultConfigurationIsVisible = 0;
			defaultConfigurationName = Release;
		};
		71C88BD226427BB200A54725 /* Build configuration list for PBXNativeTarget "NewFeed" */ = {
			isa = XCConfigurationList;
			buildConfigurations = (
				71C88BD326427BB200A54725 /* Debug */,
				71C88BD426427BB200A54725 /* Release */,
			);
			defaultConfigurationIsVisible = 0;
			defaultConfigurationName = Release;
		};
/* End XCConfigurationList section */
	};
	rootObject = 71C88BBB26427BAE00A54725 /* Project object */;
}
